// !$*UTF8*$!
{
	archiveVersion = 1;
	classes = {
	};
	objectVersion = 46;
	objects = {

/* Begin PBXBuildFile section */
		6AC1511516C6EE2500EF64C2 /* UIKit.framework in Frameworks */ = {isa = PBXBuildFile; fileRef = 6AC1511416C6EE2500EF64C2 /* UIKit.framework */; };
		6AC1511716C6EE2500EF64C2 /* Foundation.framework in Frameworks */ = {isa = PBXBuildFile; fileRef = 6AC1511616C6EE2500EF64C2 /* Foundation.framework */; };
		6AC1511916C6EE2500EF64C2 /* CoreGraphics.framework in Frameworks */ = {isa = PBXBuildFile; fileRef = 6AC1511816C6EE2500EF64C2 /* CoreGraphics.framework */; };
		6AC1511F16C6EE2500EF64C2 /* InfoPlist.strings in Resources */ = {isa = PBXBuildFile; fileRef = 6AC1511D16C6EE2500EF64C2 /* InfoPlist.strings */; };
		6AC1512116C6EE2500EF64C2 /* main.m in Sources */ = {isa = PBXBuildFile; fileRef = 6AC1512016C6EE2500EF64C2 /* main.m */; };
		6AC1512516C6EE2500EF64C2 /* HealthAppDelegate.m in Sources */ = {isa = PBXBuildFile; fileRef = 6AC1512416C6EE2500EF64C2 /* HealthAppDelegate.m */; };
		6AC1512716C6EE2500EF64C2 /* Default.png in Resources */ = {isa = PBXBuildFile; fileRef = 6AC1512616C6EE2500EF64C2 /* Default.png */; };
		6AC1512916C6EE2500EF64C2 /* Default@2x.png in Resources */ = {isa = PBXBuildFile; fileRef = 6AC1512816C6EE2500EF64C2 /* Default@2x.png */; };
		6AC1512B16C6EE2500EF64C2 /* Default-568h@2x.png in Resources */ = {isa = PBXBuildFile; fileRef = 6AC1512A16C6EE2500EF64C2 /* Default-568h@2x.png */; };
		6AC1515016C6EF5D00EF64C2 /* zbar-back.png in Resources */ = {isa = PBXBuildFile; fileRef = 6AC1514B16C6EF5D00EF64C2 /* zbar-back.png */; };
		6AC1515116C6EF5D00EF64C2 /* zbar-help.html in Resources */ = {isa = PBXBuildFile; fileRef = 6AC1514C16C6EF5D00EF64C2 /* zbar-help.html */; };
		6AC1515216C6EF5D00EF64C2 /* zbar-helpicons.png in Resources */ = {isa = PBXBuildFile; fileRef = 6AC1514D16C6EF5D00EF64C2 /* zbar-helpicons.png */; };
		6AC1515316C6EF5D00EF64C2 /* zbar-samples.png in Resources */ = {isa = PBXBuildFile; fileRef = 6AC1514E16C6EF5D00EF64C2 /* zbar-samples.png */; };
		6AC1515E16C6F02500EF64C2 /* AVFoundation.framework in Frameworks */ = {isa = PBXBuildFile; fileRef = 6AC1515416C6EF9100EF64C2 /* AVFoundation.framework */; };
		6AC1515F16C6F02800EF64C2 /* CoreMedia.framework in Frameworks */ = {isa = PBXBuildFile; fileRef = 6AC1515616C6EF9C00EF64C2 /* CoreMedia.framework */; };
		6AC1516016C6F02B00EF64C2 /* CoreVideo.framework in Frameworks */ = {isa = PBXBuildFile; fileRef = 6AC1515816C6EFA500EF64C2 /* CoreVideo.framework */; };
		6AC1516116C6F02F00EF64C2 /* QuartzCore.framework in Frameworks */ = {isa = PBXBuildFile; fileRef = 6AC1515A16C6EFAF00EF64C2 /* QuartzCore.framework */; };
		6AC1516216C6F03200EF64C2 /* libiconv.dylib in Frameworks */ = {isa = PBXBuildFile; fileRef = 6AC1515C16C6EFC900EF64C2 /* libiconv.dylib */; };
		6AC1516316C6F03B00EF64C2 /* libzbar.a in Frameworks */ = {isa = PBXBuildFile; fileRef = 6AC1514916C6EF5D00EF64C2 /* libzbar.a */; };
		6AC1516D16C7183200EF64C2 /* HealthItemListViewController.m in Sources */ = {isa = PBXBuildFile; fileRef = 6AC1516B16C7183200EF64C2 /* HealthItemListViewController.m */; };
		6AC1516E16C7183200EF64C2 /* HealthItemListViewController.xib in Resources */ = {isa = PBXBuildFile; fileRef = 6AC1516C16C7183200EF64C2 /* HealthItemListViewController.xib */; };
		6AC1517216C723F400EF64C2 /* HealthZBarDelegate.m in Sources */ = {isa = PBXBuildFile; fileRef = 6AC1517116C723F400EF64C2 /* HealthZBarDelegate.m */; };
		6AC1517616C72C4100EF64C2 /* HealthConnection.m in Sources */ = {isa = PBXBuildFile; fileRef = 6AC1517516C72C4100EF64C2 /* HealthConnection.m */; };
		6AC1517A16C72F2900EF64C2 /* HealthFoodEssentialsStore.m in Sources */ = {isa = PBXBuildFile; fileRef = 6AC1517916C72F2900EF64C2 /* HealthFoodEssentialsStore.m */; };
		6AC1517E16C75CC700EF64C2 /* HealthItemViewController.m in Sources */ = {isa = PBXBuildFile; fileRef = 6AC1517C16C75CC700EF64C2 /* HealthItemViewController.m */; };
		6AC1517F16C75CC700EF64C2 /* HealthItemViewController.xib in Resources */ = {isa = PBXBuildFile; fileRef = 6AC1517D16C75CC700EF64C2 /* HealthItemViewController.xib */; };
		6AC1518216C75F2F00EF64C2 /* HealthConstants.m in Sources */ = {isa = PBXBuildFile; fileRef = 6AC1518116C75F2F00EF64C2 /* HealthConstants.m */; };
		6AC1518616C76E9800EF64C2 /* HealthProfileViewController.m in Sources */ = {isa = PBXBuildFile; fileRef = 6AC1518416C76E9800EF64C2 /* HealthProfileViewController.m */; };
		6AC1518716C76E9800EF64C2 /* HealthProfileViewController.xib in Resources */ = {isa = PBXBuildFile; fileRef = 6AC1518516C76E9800EF64C2 /* HealthProfileViewController.xib */; };
		6AE824BA16C79A580031DF63 /* HealthCollectionViewCell.m in Sources */ = {isa = PBXBuildFile; fileRef = 6AE824B916C79A580031DF63 /* HealthCollectionViewCell.m */; };
		6AE824C016C79AAA0031DF63 /* HealthCollectionViewCell.xib in Resources */ = {isa = PBXBuildFile; fileRef = 6AE824BF16C79AAA0031DF63 /* HealthCollectionViewCell.xib */; };
		6AE824C516C835550031DF63 /* Icon@2x.png in Resources */ = {isa = PBXBuildFile; fileRef = 6AE824C416C835550031DF63 /* Icon@2x.png */; };
		6AE824C716C836250031DF63 /* Default-568h@2x.png in Resources */ = {isa = PBXBuildFile; fileRef = 6AE824C616C836250031DF63 /* Default-568h@2x.png */; };
		6AE824CB16C838B50031DF63 /* icon-scan@2x.png in Resources */ = {isa = PBXBuildFile; fileRef = 6AE824CA16C838B50031DF63 /* icon-scan@2x.png */; };
		6AE824CE16C83AB70031DF63 /* icon-allergies@2x.png in Resources */ = {isa = PBXBuildFile; fileRef = 6AE824CC16C83AB70031DF63 /* icon-allergies@2x.png */; };
		6AE824CF16C83AB70031DF63 /* icon-list@2x.png in Resources */ = {isa = PBXBuildFile; fileRef = 6AE824CD16C83AB70031DF63 /* icon-list@2x.png */; };
/* End PBXBuildFile section */

/* Begin PBXFileReference section */
		6AC1511116C6EE2500EF64C2 /* FoodGuard.app */ = {isa = PBXFileReference; explicitFileType = wrapper.application; includeInIndex = 0; path = FoodGuard.app; sourceTree = BUILT_PRODUCTS_DIR; };
		6AC1511416C6EE2500EF64C2 /* UIKit.framework */ = {isa = PBXFileReference; lastKnownFileType = wrapper.framework; name = UIKit.framework; path = System/Library/Frameworks/UIKit.framework; sourceTree = SDKROOT; };
		6AC1511616C6EE2500EF64C2 /* Foundation.framework */ = {isa = PBXFileReference; lastKnownFileType = wrapper.framework; name = Foundation.framework; path = System/Library/Frameworks/Foundation.framework; sourceTree = SDKROOT; };
		6AC1511816C6EE2500EF64C2 /* CoreGraphics.framework */ = {isa = PBXFileReference; lastKnownFileType = wrapper.framework; name = CoreGraphics.framework; path = System/Library/Frameworks/CoreGraphics.framework; sourceTree = SDKROOT; };
		6AC1511C16C6EE2500EF64C2 /* HealthHack-Info.plist */ = {isa = PBXFileReference; lastKnownFileType = text.plist.xml; path = "HealthHack-Info.plist"; sourceTree = "<group>"; };
		6AC1511E16C6EE2500EF64C2 /* en */ = {isa = PBXFileReference; lastKnownFileType = text.plist.strings; name = en; path = en.lproj/InfoPlist.strings; sourceTree = "<group>"; };
		6AC1512016C6EE2500EF64C2 /* main.m */ = {isa = PBXFileReference; lastKnownFileType = sourcecode.c.objc; path = main.m; sourceTree = "<group>"; };
		6AC1512216C6EE2500EF64C2 /* HealthHack-Prefix.pch */ = {isa = PBXFileReference; lastKnownFileType = sourcecode.c.h; path = "HealthHack-Prefix.pch"; sourceTree = "<group>"; };
		6AC1512316C6EE2500EF64C2 /* HealthAppDelegate.h */ = {isa = PBXFileReference; lastKnownFileType = sourcecode.c.h; path = HealthAppDelegate.h; sourceTree = "<group>"; };
		6AC1512416C6EE2500EF64C2 /* HealthAppDelegate.m */ = {isa = PBXFileReference; lastKnownFileType = sourcecode.c.objc; path = HealthAppDelegate.m; sourceTree = "<group>"; };
		6AC1512616C6EE2500EF64C2 /* Default.png */ = {isa = PBXFileReference; lastKnownFileType = image.png; path = Default.png; sourceTree = "<group>"; };
		6AC1512816C6EE2500EF64C2 /* Default@2x.png */ = {isa = PBXFileReference; lastKnownFileType = image.png; path = "Default@2x.png"; sourceTree = "<group>"; };
		6AC1512A16C6EE2500EF64C2 /* Default-568h@2x.png */ = {isa = PBXFileReference; lastKnownFileType = image.png; path = "Default-568h@2x.png"; sourceTree = "<group>"; };
		6AC1513516C6EF5D00EF64C2 /* Decoder.h */ = {isa = PBXFileReference; fileEncoding = 4; lastKnownFileType = sourcecode.c.h; path = Decoder.h; sourceTree = "<group>"; };
		6AC1513616C6EF5D00EF64C2 /* Exception.h */ = {isa = PBXFileReference; fileEncoding = 4; lastKnownFileType = sourcecode.c.h; path = Exception.h; sourceTree = "<group>"; };
		6AC1513716C6EF5D00EF64C2 /* Image.h */ = {isa = PBXFileReference; fileEncoding = 4; lastKnownFileType = sourcecode.c.h; path = Image.h; sourceTree = "<group>"; };
		6AC1513816C6EF5D00EF64C2 /* ImageScanner.h */ = {isa = PBXFileReference; fileEncoding = 4; lastKnownFileType = sourcecode.c.h; path = ImageScanner.h; sourceTree = "<group>"; };
		6AC1513916C6EF5D00EF64C2 /* Processor.h */ = {isa = PBXFileReference; fileEncoding = 4; lastKnownFileType = sourcecode.c.h; path = Processor.h; sourceTree = "<group>"; };
		6AC1513A16C6EF5D00EF64C2 /* Scanner.h */ = {isa = PBXFileReference; fileEncoding = 4; lastKnownFileType = sourcecode.c.h; path = Scanner.h; sourceTree = "<group>"; };
		6AC1513B16C6EF5D00EF64C2 /* Symbol.h */ = {isa = PBXFileReference; fileEncoding = 4; lastKnownFileType = sourcecode.c.h; path = Symbol.h; sourceTree = "<group>"; };
		6AC1513C16C6EF5D00EF64C2 /* Video.h */ = {isa = PBXFileReference; fileEncoding = 4; lastKnownFileType = sourcecode.c.h; path = Video.h; sourceTree = "<group>"; };
		6AC1513D16C6EF5D00EF64C2 /* Window.h */ = {isa = PBXFileReference; fileEncoding = 4; lastKnownFileType = sourcecode.c.h; path = Window.h; sourceTree = "<group>"; };
		6AC1513E16C6EF5D00EF64C2 /* zbar.h */ = {isa = PBXFileReference; fileEncoding = 4; lastKnownFileType = sourcecode.c.h; path = zbar.h; sourceTree = "<group>"; };
		6AC1513F16C6EF5D00EF64C2 /* ZBarCameraSimulator.h */ = {isa = PBXFileReference; fileEncoding = 4; lastKnownFileType = sourcecode.c.h; path = ZBarCameraSimulator.h; sourceTree = "<group>"; };
		6AC1514016C6EF5D00EF64C2 /* ZBarCaptureReader.h */ = {isa = PBXFileReference; fileEncoding = 4; lastKnownFileType = sourcecode.c.h; path = ZBarCaptureReader.h; sourceTree = "<group>"; };
		6AC1514116C6EF5D00EF64C2 /* ZBarHelpController.h */ = {isa = PBXFileReference; fileEncoding = 4; lastKnownFileType = sourcecode.c.h; path = ZBarHelpController.h; sourceTree = "<group>"; };
		6AC1514216C6EF5D00EF64C2 /* ZBarImage.h */ = {isa = PBXFileReference; fileEncoding = 4; lastKnownFileType = sourcecode.c.h; path = ZBarImage.h; sourceTree = "<group>"; };
		6AC1514316C6EF5D00EF64C2 /* ZBarImageScanner.h */ = {isa = PBXFileReference; fileEncoding = 4; lastKnownFileType = sourcecode.c.h; path = ZBarImageScanner.h; sourceTree = "<group>"; };
		6AC1514416C6EF5D00EF64C2 /* ZBarReaderController.h */ = {isa = PBXFileReference; fileEncoding = 4; lastKnownFileType = sourcecode.c.h; path = ZBarReaderController.h; sourceTree = "<group>"; };
		6AC1514516C6EF5D00EF64C2 /* ZBarReaderView.h */ = {isa = PBXFileReference; fileEncoding = 4; lastKnownFileType = sourcecode.c.h; path = ZBarReaderView.h; sourceTree = "<group>"; };
		6AC1514616C6EF5D00EF64C2 /* ZBarReaderViewController.h */ = {isa = PBXFileReference; fileEncoding = 4; lastKnownFileType = sourcecode.c.h; path = ZBarReaderViewController.h; sourceTree = "<group>"; };
		6AC1514716C6EF5D00EF64C2 /* ZBarSDK.h */ = {isa = PBXFileReference; fileEncoding = 4; lastKnownFileType = sourcecode.c.h; path = ZBarSDK.h; sourceTree = "<group>"; };
		6AC1514816C6EF5D00EF64C2 /* ZBarSymbol.h */ = {isa = PBXFileReference; fileEncoding = 4; lastKnownFileType = sourcecode.c.h; path = ZBarSymbol.h; sourceTree = "<group>"; };
		6AC1514916C6EF5D00EF64C2 /* libzbar.a */ = {isa = PBXFileReference; lastKnownFileType = archive.ar; path = libzbar.a; sourceTree = "<group>"; };
		6AC1514B16C6EF5D00EF64C2 /* zbar-back.png */ = {isa = PBXFileReference; lastKnownFileType = image.png; path = "zbar-back.png"; sourceTree = "<group>"; };
		6AC1514C16C6EF5D00EF64C2 /* zbar-help.html */ = {isa = PBXFileReference; fileEncoding = 4; lastKnownFileType = text.html; path = "zbar-help.html"; sourceTree = "<group>"; };
		6AC1514D16C6EF5D00EF64C2 /* zbar-helpicons.png */ = {isa = PBXFileReference; lastKnownFileType = image.png; path = "zbar-helpicons.png"; sourceTree = "<group>"; };
		6AC1514E16C6EF5D00EF64C2 /* zbar-samples.png */ = {isa = PBXFileReference; lastKnownFileType = image.png; path = "zbar-samples.png"; sourceTree = "<group>"; };
		6AC1515416C6EF9100EF64C2 /* AVFoundation.framework */ = {isa = PBXFileReference; lastKnownFileType = wrapper.framework; name = AVFoundation.framework; path = System/Library/Frameworks/AVFoundation.framework; sourceTree = SDKROOT; };
		6AC1515616C6EF9C00EF64C2 /* CoreMedia.framework */ = {isa = PBXFileReference; lastKnownFileType = wrapper.framework; name = CoreMedia.framework; path = System/Library/Frameworks/CoreMedia.framework; sourceTree = SDKROOT; };
		6AC1515816C6EFA500EF64C2 /* CoreVideo.framework */ = {isa = PBXFileReference; lastKnownFileType = wrapper.framework; name = CoreVideo.framework; path = System/Library/Frameworks/CoreVideo.framework; sourceTree = SDKROOT; };
		6AC1515A16C6EFAF00EF64C2 /* QuartzCore.framework */ = {isa = PBXFileReference; lastKnownFileType = wrapper.framework; name = QuartzCore.framework; path = System/Library/Frameworks/QuartzCore.framework; sourceTree = SDKROOT; };
		6AC1515C16C6EFC900EF64C2 /* libiconv.dylib */ = {isa = PBXFileReference; lastKnownFileType = "compiled.mach-o.dylib"; name = libiconv.dylib; path = usr/lib/libiconv.dylib; sourceTree = SDKROOT; };
		6AC1516A16C7183200EF64C2 /* HealthItemListViewController.h */ = {isa = PBXFileReference; fileEncoding = 4; lastKnownFileType = sourcecode.c.h; path = HealthItemListViewController.h; sourceTree = "<group>"; };
		6AC1516B16C7183200EF64C2 /* HealthItemListViewController.m */ = {isa = PBXFileReference; fileEncoding = 4; lastKnownFileType = sourcecode.c.objc; path = HealthItemListViewController.m; sourceTree = "<group>"; };
		6AC1516C16C7183200EF64C2 /* HealthItemListViewController.xib */ = {isa = PBXFileReference; fileEncoding = 4; lastKnownFileType = file.xib; path = HealthItemListViewController.xib; sourceTree = "<group>"; };
		6AC1517016C723F400EF64C2 /* HealthZBarDelegate.h */ = {isa = PBXFileReference; fileEncoding = 4; lastKnownFileType = sourcecode.c.h; path = HealthZBarDelegate.h; sourceTree = "<group>"; };
		6AC1517116C723F400EF64C2 /* HealthZBarDelegate.m */ = {isa = PBXFileReference; fileEncoding = 4; lastKnownFileType = sourcecode.c.objc; path = HealthZBarDelegate.m; sourceTree = "<group>"; };
		6AC1517416C72C4100EF64C2 /* HealthConnection.h */ = {isa = PBXFileReference; fileEncoding = 4; lastKnownFileType = sourcecode.c.h; path = HealthConnection.h; sourceTree = "<group>"; };
		6AC1517516C72C4100EF64C2 /* HealthConnection.m */ = {isa = PBXFileReference; fileEncoding = 4; lastKnownFileType = sourcecode.c.objc; path = HealthConnection.m; sourceTree = "<group>"; };
		6AC1517816C72F2900EF64C2 /* HealthFoodEssentialsStore.h */ = {isa = PBXFileReference; fileEncoding = 4; lastKnownFileType = sourcecode.c.h; path = HealthFoodEssentialsStore.h; sourceTree = "<group>"; };
		6AC1517916C72F2900EF64C2 /* HealthFoodEssentialsStore.m */ = {isa = PBXFileReference; fileEncoding = 4; lastKnownFileType = sourcecode.c.objc; path = HealthFoodEssentialsStore.m; sourceTree = "<group>"; };
		6AC1517B16C75CC700EF64C2 /* HealthItemViewController.h */ = {isa = PBXFileReference; fileEncoding = 4; lastKnownFileType = sourcecode.c.h; path = HealthItemViewController.h; sourceTree = "<group>"; };
		6AC1517C16C75CC700EF64C2 /* HealthItemViewController.m */ = {isa = PBXFileReference; fileEncoding = 4; lastKnownFileType = sourcecode.c.objc; path = HealthItemViewController.m; sourceTree = "<group>"; };
		6AC1517D16C75CC700EF64C2 /* HealthItemViewController.xib */ = {isa = PBXFileReference; fileEncoding = 4; lastKnownFileType = file.xib; path = HealthItemViewController.xib; sourceTree = "<group>"; };
		6AC1518016C75F2F00EF64C2 /* HealthConstants.h */ = {isa = PBXFileReference; fileEncoding = 4; lastKnownFileType = sourcecode.c.h; path = HealthConstants.h; sourceTree = "<group>"; };
		6AC1518116C75F2F00EF64C2 /* HealthConstants.m */ = {isa = PBXFileReference; fileEncoding = 4; lastKnownFileType = sourcecode.c.objc; path = HealthConstants.m; sourceTree = "<group>"; };
		6AC1518316C76E9800EF64C2 /* HealthProfileViewController.h */ = {isa = PBXFileReference; fileEncoding = 4; lastKnownFileType = sourcecode.c.h; path = HealthProfileViewController.h; sourceTree = "<group>"; };
		6AC1518416C76E9800EF64C2 /* HealthProfileViewController.m */ = {isa = PBXFileReference; fileEncoding = 4; lastKnownFileType = sourcecode.c.objc; path = HealthProfileViewController.m; sourceTree = "<group>"; };
		6AC1518516C76E9800EF64C2 /* HealthProfileViewController.xib */ = {isa = PBXFileReference; fileEncoding = 4; lastKnownFileType = file.xib; path = HealthProfileViewController.xib; sourceTree = "<group>"; };
		6AE824B816C79A580031DF63 /* HealthCollectionViewCell.h */ = {isa = PBXFileReference; fileEncoding = 4; lastKnownFileType = sourcecode.c.h; path = HealthCollectionViewCell.h; sourceTree = "<group>"; };
		6AE824B916C79A580031DF63 /* HealthCollectionViewCell.m */ = {isa = PBXFileReference; fileEncoding = 4; lastKnownFileType = sourcecode.c.objc; path = HealthCollectionViewCell.m; sourceTree = "<group>"; };
		6AE824BF16C79AAA0031DF63 /* HealthCollectionViewCell.xib */ = {isa = PBXFileReference; fileEncoding = 4; lastKnownFileType = file.xib; path = HealthCollectionViewCell.xib; sourceTree = "<group>"; };
		6AE824C416C835550031DF63 /* Icon@2x.png */ = {isa = PBXFileReference; lastKnownFileType = image.png; name = "Icon@2x.png"; path = "../Icon@2x.png"; sourceTree = "<group>"; };
		6AE824C616C836250031DF63 /* Default-568h@2x.png */ = {isa = PBXFileReference; lastKnownFileType = image.png; name = "Default-568h@2x.png"; path = "assets/Default-568h@2x.png"; sourceTree = "<group>"; };
		6AE824CA16C838B50031DF63 /* icon-scan@2x.png */ = {isa = PBXFileReference; lastKnownFileType = image.png; name = "icon-scan@2x.png"; path = "assets/icon-scan@2x.png"; sourceTree = "<group>"; };
		6AE824CC16C83AB70031DF63 /* icon-allergies@2x.png */ = {isa = PBXFileReference; lastKnownFileType = image.png; name = "icon-allergies@2x.png"; path = "assets/icon-allergies@2x.png"; sourceTree = "<group>"; };
		6AE824CD16C83AB70031DF63 /* icon-list@2x.png */ = {isa = PBXFileReference; lastKnownFileType = image.png; name = "icon-list@2x.png"; path = "assets/icon-list@2x.png"; sourceTree = "<group>"; };
/* End PBXFileReference section */

/* Begin PBXFrameworksBuildPhase section */
		6AC1510E16C6EE2500EF64C2 /* Frameworks */ = {
			isa = PBXFrameworksBuildPhase;
			buildActionMask = 2147483647;
			files = (
				6AC1511516C6EE2500EF64C2 /* UIKit.framework in Frameworks */,
				6AC1511716C6EE2500EF64C2 /* Foundation.framework in Frameworks */,
				6AC1515E16C6F02500EF64C2 /* AVFoundation.framework in Frameworks */,
				6AC1515F16C6F02800EF64C2 /* CoreMedia.framework in Frameworks */,
				6AC1516016C6F02B00EF64C2 /* CoreVideo.framework in Frameworks */,
				6AC1516116C6F02F00EF64C2 /* QuartzCore.framework in Frameworks */,
				6AC1511916C6EE2500EF64C2 /* CoreGraphics.framework in Frameworks */,
				6AC1516316C6F03B00EF64C2 /* libzbar.a in Frameworks */,
				6AC1516216C6F03200EF64C2 /* libiconv.dylib in Frameworks */,
			);
			runOnlyForDeploymentPostprocessing = 0;
		};
/* End PBXFrameworksBuildPhase section */

/* Begin PBXGroup section */
		6AC1510816C6EE2500EF64C2 = {
			isa = PBXGroup;
			children = (
				6AC1511A16C6EE2500EF64C2 /* HealthHack */,
				6AC1511316C6EE2500EF64C2 /* Frameworks */,
				6AC1511216C6EE2500EF64C2 /* Products */,
			);
			sourceTree = "<group>";
		};
		6AC1511216C6EE2500EF64C2 /* Products */ = {
			isa = PBXGroup;
			children = (
				6AC1511116C6EE2500EF64C2 /* FoodGuard.app */,
			);
			name = Products;
			sourceTree = "<group>";
		};
		6AC1511316C6EE2500EF64C2 /* Frameworks */ = {
			isa = PBXGroup;
			children = (
				6AC1513116C6EF5D00EF64C2 /* ZBarSDK */,
				6AC1515C16C6EFC900EF64C2 /* libiconv.dylib */,
				6AC1515816C6EFA500EF64C2 /* CoreVideo.framework */,
				6AC1515616C6EF9C00EF64C2 /* CoreMedia.framework */,
				6AC1515416C6EF9100EF64C2 /* AVFoundation.framework */,
				6AC1515A16C6EFAF00EF64C2 /* QuartzCore.framework */,
				6AC1511416C6EE2500EF64C2 /* UIKit.framework */,
				6AC1511616C6EE2500EF64C2 /* Foundation.framework */,
				6AC1511816C6EE2500EF64C2 /* CoreGraphics.framework */,
			);
			name = Frameworks;
			sourceTree = "<group>";
		};
		6AC1511A16C6EE2500EF64C2 /* HealthHack */ = {
			isa = PBXGroup;
			children = (
				6AE824C116C834EF0031DF63 /* Assets */,
				6AE824B516C799D50031DF63 /* Views */,
				6AC1517716C72EFF00EF64C2 /* Stores */,
				6AC1517316C72C1800EF64C2 /* Utils */,
				6AC1516416C716DD00EF64C2 /* Controllers */,
				6AC1516F16C723C100EF64C2 /* Delegate */,
				6AC1511B16C6EE2500EF64C2 /* Supporting Files */,
			);
			path = HealthHack;
			sourceTree = "<group>";
		};
		6AC1511B16C6EE2500EF64C2 /* Supporting Files */ = {
			isa = PBXGroup;
			children = (
				6AC1511C16C6EE2500EF64C2 /* HealthHack-Info.plist */,
				6AC1511D16C6EE2500EF64C2 /* InfoPlist.strings */,
				6AC1512016C6EE2500EF64C2 /* main.m */,
				6AC1512216C6EE2500EF64C2 /* HealthHack-Prefix.pch */,
				6AC1512616C6EE2500EF64C2 /* Default.png */,
				6AC1512816C6EE2500EF64C2 /* Default@2x.png */,
				6AC1512A16C6EE2500EF64C2 /* Default-568h@2x.png */,
				6AC1518016C75F2F00EF64C2 /* HealthConstants.h */,
				6AC1518116C75F2F00EF64C2 /* HealthConstants.m */,
			);
			name = "Supporting Files";
			sourceTree = "<group>";
		};
		6AC1513116C6EF5D00EF64C2 /* ZBarSDK */ = {
			isa = PBXGroup;
			children = (
				6AC1513216C6EF5D00EF64C2 /* Headers */,
				6AC1514916C6EF5D00EF64C2 /* libzbar.a */,
				6AC1514A16C6EF5D00EF64C2 /* Resources */,
			);
			path = ZBarSDK;
			sourceTree = "<group>";
		};
		6AC1513216C6EF5D00EF64C2 /* Headers */ = {
			isa = PBXGroup;
			children = (
				6AC1513316C6EF5D00EF64C2 /* ZBarSDK */,
			);
			path = Headers;
			sourceTree = "<group>";
		};
		6AC1513316C6EF5D00EF64C2 /* ZBarSDK */ = {
			isa = PBXGroup;
			children = (
				6AC1513416C6EF5D00EF64C2 /* zbar */,
				6AC1513E16C6EF5D00EF64C2 /* zbar.h */,
				6AC1513F16C6EF5D00EF64C2 /* ZBarCameraSimulator.h */,
				6AC1514016C6EF5D00EF64C2 /* ZBarCaptureReader.h */,
				6AC1514116C6EF5D00EF64C2 /* ZBarHelpController.h */,
				6AC1514216C6EF5D00EF64C2 /* ZBarImage.h */,
				6AC1514316C6EF5D00EF64C2 /* ZBarImageScanner.h */,
				6AC1514416C6EF5D00EF64C2 /* ZBarReaderController.h */,
				6AC1514516C6EF5D00EF64C2 /* ZBarReaderView.h */,
				6AC1514616C6EF5D00EF64C2 /* ZBarReaderViewController.h */,
				6AC1514716C6EF5D00EF64C2 /* ZBarSDK.h */,
				6AC1514816C6EF5D00EF64C2 /* ZBarSymbol.h */,
			);
			path = ZBarSDK;
			sourceTree = "<group>";
		};
		6AC1513416C6EF5D00EF64C2 /* zbar */ = {
			isa = PBXGroup;
			children = (
				6AC1513516C6EF5D00EF64C2 /* Decoder.h */,
				6AC1513616C6EF5D00EF64C2 /* Exception.h */,
				6AC1513716C6EF5D00EF64C2 /* Image.h */,
				6AC1513816C6EF5D00EF64C2 /* ImageScanner.h */,
				6AC1513916C6EF5D00EF64C2 /* Processor.h */,
				6AC1513A16C6EF5D00EF64C2 /* Scanner.h */,
				6AC1513B16C6EF5D00EF64C2 /* Symbol.h */,
				6AC1513C16C6EF5D00EF64C2 /* Video.h */,
				6AC1513D16C6EF5D00EF64C2 /* Window.h */,
			);
			path = zbar;
			sourceTree = "<group>";
		};
		6AC1514A16C6EF5D00EF64C2 /* Resources */ = {
			isa = PBXGroup;
			children = (
				6AC1514B16C6EF5D00EF64C2 /* zbar-back.png */,
				6AC1514C16C6EF5D00EF64C2 /* zbar-help.html */,
				6AC1514D16C6EF5D00EF64C2 /* zbar-helpicons.png */,
				6AC1514E16C6EF5D00EF64C2 /* zbar-samples.png */,
			);
			path = Resources;
			sourceTree = "<group>";
		};
		6AC1516416C716DD00EF64C2 /* Controllers */ = {
			isa = PBXGroup;
			children = (
				6AC1516A16C7183200EF64C2 /* HealthItemListViewController.h */,
				6AC1516B16C7183200EF64C2 /* HealthItemListViewController.m */,
				6AC1516C16C7183200EF64C2 /* HealthItemListViewController.xib */,
				6AC1517B16C75CC700EF64C2 /* HealthItemViewController.h */,
				6AC1517C16C75CC700EF64C2 /* HealthItemViewController.m */,
				6AC1517D16C75CC700EF64C2 /* HealthItemViewController.xib */,
				6AC1518316C76E9800EF64C2 /* HealthProfileViewController.h */,
				6AC1518416C76E9800EF64C2 /* HealthProfileViewController.m */,
				6AC1518516C76E9800EF64C2 /* HealthProfileViewController.xib */,
			);
			name = Controllers;
			sourceTree = "<group>";
		};
		6AC1516F16C723C100EF64C2 /* Delegate */ = {
			isa = PBXGroup;
			children = (
				6AC1512316C6EE2500EF64C2 /* HealthAppDelegate.h */,
				6AC1512416C6EE2500EF64C2 /* HealthAppDelegate.m */,
				6AC1517016C723F400EF64C2 /* HealthZBarDelegate.h */,
				6AC1517116C723F400EF64C2 /* HealthZBarDelegate.m */,
			);
			name = Delegate;
			sourceTree = "<group>";
		};
		6AC1517316C72C1800EF64C2 /* Utils */ = {
			isa = PBXGroup;
			children = (
				6AC1517416C72C4100EF64C2 /* HealthConnection.h */,
				6AC1517516C72C4100EF64C2 /* HealthConnection.m */,
			);
			name = Utils;
			sourceTree = "<group>";
		};
		6AC1517716C72EFF00EF64C2 /* Stores */ = {
			isa = PBXGroup;
			children = (
				6AC1517816C72F2900EF64C2 /* HealthFoodEssentialsStore.h */,
				6AC1517916C72F2900EF64C2 /* HealthFoodEssentialsStore.m */,
			);
			name = Stores;
			sourceTree = "<group>";
		};
		6AE824B516C799D50031DF63 /* Views */ = {
			isa = PBXGroup;
			children = (
				6AE824B816C79A580031DF63 /* HealthCollectionViewCell.h */,
				6AE824B916C79A580031DF63 /* HealthCollectionViewCell.m */,
				6AE824BF16C79AAA0031DF63 /* HealthCollectionViewCell.xib */,
			);
			name = Views;
			sourceTree = "<group>";
		};
		6AE824C116C834EF0031DF63 /* Assets */ = {
			isa = PBXGroup;
			children = (
				6AE824CC16C83AB70031DF63 /* icon-allergies@2x.png */,
				6AE824CD16C83AB70031DF63 /* icon-list@2x.png */,
				6AE824CA16C838B50031DF63 /* icon-scan@2x.png */,
				6AE824C616C836250031DF63 /* Default-568h@2x.png */,
				6AE824C416C835550031DF63 /* Icon@2x.png */,
			);
			name = Assets;
			sourceTree = "<group>";
		};
/* End PBXGroup section */

/* Begin PBXNativeTarget section */
		6AC1511016C6EE2500EF64C2 /* FoodGuard */ = {
			isa = PBXNativeTarget;
			buildConfigurationList = 6AC1512E16C6EE2500EF64C2 /* Build configuration list for PBXNativeTarget "FoodGuard" */;
			buildPhases = (
				6AC1510D16C6EE2500EF64C2 /* Sources */,
				6AC1510E16C6EE2500EF64C2 /* Frameworks */,
				6AC1510F16C6EE2500EF64C2 /* Resources */,
			);
			buildRules = (
			);
			dependencies = (
			);
			name = FoodGuard;
			productName = HealthHack;
			productReference = 6AC1511116C6EE2500EF64C2 /* FoodGuard.app */;
			productType = "com.apple.product-type.application";
		};
/* End PBXNativeTarget section */

/* Begin PBXProject section */
		6AC1510916C6EE2500EF64C2 /* Project object */ = {
			isa = PBXProject;
			attributes = {
				CLASSPREFIX = Health;
				LastUpgradeCheck = 0460;
				ORGANIZATIONNAME = dfujiwara;
			};
			buildConfigurationList = 6AC1510C16C6EE2500EF64C2 /* Build configuration list for PBXProject "HealthHack" */;
			compatibilityVersion = "Xcode 3.2";
			developmentRegion = English;
			hasScannedForEncodings = 0;
			knownRegions = (
				en,
			);
			mainGroup = 6AC1510816C6EE2500EF64C2;
			productRefGroup = 6AC1511216C6EE2500EF64C2 /* Products */;
			projectDirPath = "";
			projectRoot = "";
			targets = (
				6AC1511016C6EE2500EF64C2 /* FoodGuard */,
			);
		};
/* End PBXProject section */

/* Begin PBXResourcesBuildPhase section */
		6AC1510F16C6EE2500EF64C2 /* Resources */ = {
			isa = PBXResourcesBuildPhase;
			buildActionMask = 2147483647;
			files = (
				6AC1511F16C6EE2500EF64C2 /* InfoPlist.strings in Resources */,
				6AC1512716C6EE2500EF64C2 /* Default.png in Resources */,
				6AC1512916C6EE2500EF64C2 /* Default@2x.png in Resources */,
				6AC1512B16C6EE2500EF64C2 /* Default-568h@2x.png in Resources */,
				6AC1515016C6EF5D00EF64C2 /* zbar-back.png in Resources */,
				6AC1515116C6EF5D00EF64C2 /* zbar-help.html in Resources */,
				6AC1515216C6EF5D00EF64C2 /* zbar-helpicons.png in Resources */,
				6AC1515316C6EF5D00EF64C2 /* zbar-samples.png in Resources */,
				6AC1516E16C7183200EF64C2 /* HealthItemListViewController.xib in Resources */,
				6AC1517F16C75CC700EF64C2 /* HealthItemViewController.xib in Resources */,
				6AC1518716C76E9800EF64C2 /* HealthProfileViewController.xib in Resources */,
				6AE824C016C79AAA0031DF63 /* HealthCollectionViewCell.xib in Resources */,
				6AE824C516C835550031DF63 /* Icon@2x.png in Resources */,
				6AE824C716C836250031DF63 /* Default-568h@2x.png in Resources */,
				6AE824CB16C838B50031DF63 /* icon-scan@2x.png in Resources */,
				6AE824CE16C83AB70031DF63 /* icon-allergies@2x.png in Resources */,
				6AE824CF16C83AB70031DF63 /* icon-list@2x.png in Resources */,
			);
			runOnlyForDeploymentPostprocessing = 0;
		};
/* End PBXResourcesBuildPhase section */

/* Begin PBXSourcesBuildPhase section */
		6AC1510D16C6EE2500EF64C2 /* Sources */ = {
			isa = PBXSourcesBuildPhase;
			buildActionMask = 2147483647;
			files = (
				6AC1512116C6EE2500EF64C2 /* main.m in Sources */,
				6AC1512516C6EE2500EF64C2 /* HealthAppDelegate.m in Sources */,
				6AC1516D16C7183200EF64C2 /* HealthItemListViewController.m in Sources */,
				6AC1517216C723F400EF64C2 /* HealthZBarDelegate.m in Sources */,
				6AC1517616C72C4100EF64C2 /* HealthConnection.m in Sources */,
				6AC1517A16C72F2900EF64C2 /* HealthFoodEssentialsStore.m in Sources */,
				6AC1517E16C75CC700EF64C2 /* HealthItemViewController.m in Sources */,
				6AC1518216C75F2F00EF64C2 /* HealthConstants.m in Sources */,
				6AC1518616C76E9800EF64C2 /* HealthProfileViewController.m in Sources */,
				6AE824BA16C79A580031DF63 /* HealthCollectionViewCell.m in Sources */,
			);
			runOnlyForDeploymentPostprocessing = 0;
		};
/* End PBXSourcesBuildPhase section */

/* Begin PBXVariantGroup section */
		6AC1511D16C6EE2500EF64C2 /* InfoPlist.strings */ = {
			isa = PBXVariantGroup;
			children = (
				6AC1511E16C6EE2500EF64C2 /* en */,
			);
			name = InfoPlist.strings;
			sourceTree = "<group>";
		};
/* End PBXVariantGroup section */

/* Begin XCBuildConfiguration section */
		6AC1512C16C6EE2500EF64C2 /* Debug */ = {
			isa = XCBuildConfiguration;
			buildSettings = {
				ALWAYS_SEARCH_USER_PATHS = NO;
				CLANG_CXX_LANGUAGE_STANDARD = "gnu++0x";
				CLANG_CXX_LIBRARY = "libc++";
				CLANG_ENABLE_OBJC_ARC = YES;
				CLANG_WARN_CONSTANT_CONVERSION = YES;
				CLANG_WARN_EMPTY_BODY = YES;
				CLANG_WARN_ENUM_CONVERSION = YES;
				CLANG_WARN_INT_CONVERSION = YES;
				CLANG_WARN__DUPLICATE_METHOD_MATCH = YES;
				"CODE_SIGN_IDENTITY[sdk=iphoneos*]" = "iPhone Developer";
				COPY_PHASE_STRIP = NO;
				GCC_C_LANGUAGE_STANDARD = gnu99;
				GCC_DYNAMIC_NO_PIC = NO;
				GCC_OPTIMIZATION_LEVEL = 0;
				GCC_PREPROCESSOR_DEFINITIONS = (
					"DEBUG=1",
					"$(inherited)",
				);
				GCC_SYMBOLS_PRIVATE_EXTERN = NO;
				GCC_WARN_ABOUT_RETURN_TYPE = YES;
				GCC_WARN_UNINITIALIZED_AUTOS = YES;
				GCC_WARN_UNUSED_VARIABLE = YES;
				IPHONEOS_DEPLOYMENT_TARGET = 6.1;
				ONLY_ACTIVE_ARCH = YES;
				SDKROOT = iphoneos;
			};
			name = Debug;
		};
		6AC1512D16C6EE2500EF64C2 /* Release */ = {
			isa = XCBuildConfiguration;
			buildSettings = {
				ALWAYS_SEARCH_USER_PATHS = NO;
				CLANG_CXX_LANGUAGE_STANDARD = "gnu++0x";
				CLANG_CXX_LIBRARY = "libc++";
				CLANG_ENABLE_OBJC_ARC = YES;
				CLANG_WARN_CONSTANT_CONVERSION = YES;
				CLANG_WARN_EMPTY_BODY = YES;
				CLANG_WARN_ENUM_CONVERSION = YES;
				CLANG_WARN_INT_CONVERSION = YES;
				CLANG_WARN__DUPLICATE_METHOD_MATCH = YES;
				"CODE_SIGN_IDENTITY[sdk=iphoneos*]" = "iPhone Developer";
				COPY_PHASE_STRIP = YES;
				GCC_C_LANGUAGE_STANDARD = gnu99;
				GCC_WARN_ABOUT_RETURN_TYPE = YES;
				GCC_WARN_UNINITIALIZED_AUTOS = YES;
				GCC_WARN_UNUSED_VARIABLE = YES;
				IPHONEOS_DEPLOYMENT_TARGET = 6.1;
				OTHER_CFLAGS = "-DNS_BLOCK_ASSERTIONS=1";
				SDKROOT = iphoneos;
				VALIDATE_PRODUCT = YES;
			};
			name = Release;
		};
		6AC1512F16C6EE2500EF64C2 /* Debug */ = {
			isa = XCBuildConfiguration;
			buildSettings = {
				GCC_PRECOMPILE_PREFIX_HEADER = YES;
				GCC_PREFIX_HEADER = "HealthHack/HealthHack-Prefix.pch";
				INFOPLIST_FILE = "HealthHack/HealthHack-Info.plist";
				LIBRARY_SEARCH_PATHS = (
					"$(inherited)",
					"\"$(SRCROOT)/ZBarSDK\"",
				);
				PRODUCT_NAME = "$(TARGET_NAME)";
				WRAPPER_EXTENSION = app;
			};
			name = Debug;
		};
		6AC1513016C6EE2500EF64C2 /* Release */ = {
			isa = XCBuildConfiguration;
			buildSettings = {
				GCC_PRECOMPILE_PREFIX_HEADER = YES;
				GCC_PREFIX_HEADER = "HealthHack/HealthHack-Prefix.pch";
				INFOPLIST_FILE = "HealthHack/HealthHack-Info.plist";
				LIBRARY_SEARCH_PATHS = (
					"$(inherited)",
					"\"$(SRCROOT)/ZBarSDK\"",
				);
				PRODUCT_NAME = "$(TARGET_NAME)";
				WRAPPER_EXTENSION = app;
			};
			name = Release;
		};
/* End XCBuildConfiguration section */

/* Begin XCConfigurationList section */
		6AC1510C16C6EE2500EF64C2 /* Build configuration list for PBXProject "HealthHack" */ = {
			isa = XCConfigurationList;
			buildConfigurations = (
				6AC1512C16C6EE2500EF64C2 /* Debug */,
				6AC1512D16C6EE2500EF64C2 /* Release */,
			);
			defaultConfigurationIsVisible = 0;
			defaultConfigurationName = Release;
		};
		6AC1512E16C6EE2500EF64C2 /* Build configuration list for PBXNativeTarget "FoodGuard" */ = {
			isa = XCConfigurationList;
			buildConfigurations = (
				6AC1512F16C6EE2500EF64C2 /* Debug */,
				6AC1513016C6EE2500EF64C2 /* Release */,
			);
			defaultConfigurationIsVisible = 0;
			defaultConfigurationName = Release;
		};
/* End XCConfigurationList section */
	};
	rootObject = 6AC1510916C6EE2500EF64C2 /* Project object */;
}
